
Microsoft Visual Studio Solution File, Format Version 12.00
# Visual Studio 15
VisualStudioVersion = 15.0.28307.960
MinimumVisualStudioVersion = 10.0.40219.1
Project("{FAE04EC0-301F-11D3-BF4B-00C04F79EFBC}") = "ValidTaxID", "ValidTaxID\ValidTaxID.csproj", "{F7655362-E0FB-4F60-A449-F8E890941B52}"
EndProject
Global
	GlobalSection(SolutionConfigurationPlatforms) = preSolution
		Debug|Any CPU = Debug|Any CPU
		Release|Any CPU = Release|Any CPU
	EndGlobalSection
	GlobalSection(ProjectConfigurationPlatforms) = postSolution
		{F7655362-E0FB-4F60-A449-F8E890941B52}.Debug|Any CPU.ActiveCfg = Debug|Any CPU
		{F7655362-E0FB-4F60-A449-F8E890941B52}.Debug|Any CPU.Build.0 = Debug|Any CPU
		{F7655362-E0FB-4F60-A449-F8E890941B52}.Release|Any CPU.ActiveCfg = Release|Any CPU
		{F7655362-E0FB-4F60-A449-F8E890941B52}.Release|Any CPU.Build.0 = Release|Any CPU
	EndGlobalSection
	GlobalSection(SolutionProperties) = preSolution
		HideSolutionNode = FALSE
	EndGlobalSection
	GlobalSection(ExtensibilityGlobals) = postSolution
		SolutionGuid = {7B935E7A-3D90-4A51-AD80-58BB8BA345A3}
	EndGlobalSection
EndGlobal
